{
  "nodes": {
    "lcaac-flake": {
      "inputs": {
        "nixpkgs": "nixpkgs"
      },
      "locked": {
        "lastModified": 1758272293,
        "narHash": "sha256-FejyYNGaVGbovVmse4KymQCGauzLgzWqV+HyUU8zhWY=",
        "owner": "kleis-technology",
        "repo": "homebrew-lcaac",
        "rev": "5f38f8631c5e7c8072b3435c176d5456b579a9b1",
        "type": "github"
      },
      "original": {
        "owner": "kleis-technology",
        "ref": "v2.0.0",
        "repo": "homebrew-lcaac",
        "type": "github"
      }
    },
    "nixpkgs": {
      "locked": {
        "lastModified": 0,
        "narHash": "sha256-v2NB8B3EahTvJ0Zg6QVJVUjq2cBwZ0UKTwMr2nv9718=",
        "path": "/nix/store/hpyq11kyx19ggxi78ryhhhc9ai9p7jxp-source",
        "type": "path"
      },
      "original": {
        "id": "nixpkgs",
        "type": "indirect"
      }
    },
    "nixpkgs_2": {
      "locked": {
        "lastModified": 0,
        "narHash": "sha256-v2NB8B3EahTvJ0Zg6QVJVUjq2cBwZ0UKTwMr2nv9718=",
        "path": "/nix/store/hpyq11kyx19ggxi78ryhhhc9ai9p7jxp-source",
        "type": "path"
      },
      "original": {
        "id": "nixpkgs",
        "type": "indirect"
      }
    },
    "root": {
      "inputs": {
        "lcaac-flake": "lcaac-flake",
        "nixpkgs": "nixpkgs_2"
      }
    }
  },
  "root": "root",
  "version": 7
}
