{
  "nodes": {
    "lcaac-flake": {
      "inputs": {
        "nixpkgs": "nixpkgs"
      },
      "locked": {
        "lastModified": 1753304108,
        "narHash": "sha256-7qc7+PGkvRjjQKscqyNruSmIEwkXh6D707CE8IUwEI8=",
        "owner": "kleis-technology",
        "repo": "homebrew-lcaac",
        "rev": "657de71cd893d131a41d96e79ce00615ba20ae71",
        "type": "github"
      },
      "original": {
        "owner": "kleis-technology",
        "ref": "v1.7.13",
        "repo": "homebrew-lcaac",
        "type": "github"
      }
    },
    "nixpkgs": {
      "locked": {
        "lastModified": 0,
        "narHash": "sha256-v2NB8B3EahTvJ0Zg6QVJVUjq2cBwZ0UKTwMr2nv9718=",
        "path": "/nix/store/hpyq11kyx19ggxi78ryhhhc9ai9p7jxp-source",
        "type": "path"
      },
      "original": {
        "id": "nixpkgs",
        "type": "indirect"
      }
    },
    "nixpkgs_2": {
      "locked": {
        "lastModified": 0,
        "narHash": "sha256-v2NB8B3EahTvJ0Zg6QVJVUjq2cBwZ0UKTwMr2nv9718=",
        "path": "/nix/store/hpyq11kyx19ggxi78ryhhhc9ai9p7jxp-source",
        "type": "path"
      },
      "original": {
        "id": "nixpkgs",
        "type": "indirect"
      }
    },
    "root": {
      "inputs": {
        "lcaac-flake": "lcaac-flake",
        "nixpkgs": "nixpkgs_2"
      }
    }
  },
  "root": "root",
  "version": 7
}
