{
  "nodes": {
    "lcaac-flake": {
      "inputs": {
        "nixpkgs": "nixpkgs"
      },
      "locked": {
        "lastModified": 1748014499,
        "narHash": "sha256-1IxbHf7b/5j0UGFyDt38+zST8sLiJlsg45Q1kwX6lGA=",
        "owner": "kleis-technology",
        "repo": "homebrew-lcaac",
        "rev": "a1a34c96726a117d985a54616c93b21d0b65ab8e",
        "type": "github"
      },
      "original": {
        "owner": "kleis-technology",
        "repo": "homebrew-lcaac",
        "type": "github"
      }
    },
    "nixpkgs": {
      "locked": {
        "lastModified": 0,
        "narHash": "sha256-v2NB8B3EahTvJ0Zg6QVJVUjq2cBwZ0UKTwMr2nv9718=",
        "path": "/nix/store/hpyq11kyx19ggxi78ryhhhc9ai9p7jxp-source",
        "type": "path"
      },
      "original": {
        "id": "nixpkgs",
        "type": "indirect"
      }
    },
    "nixpkgs_2": {
      "locked": {
        "lastModified": 0,
        "narHash": "sha256-v2NB8B3EahTvJ0Zg6QVJVUjq2cBwZ0UKTwMr2nv9718=",
        "path": "/nix/store/hpyq11kyx19ggxi78ryhhhc9ai9p7jxp-source",
        "type": "path"
      },
      "original": {
        "id": "nixpkgs",
        "type": "indirect"
      }
    },
    "root": {
      "inputs": {
        "lcaac-flake": "lcaac-flake",
        "nixpkgs": "nixpkgs_2"
      }
    }
  },
  "root": "root",
  "version": 7
}
