# This is a Gradle generated file for dependency locking.
# Manual edits can break the build and are not advised.
# This file is expected to be part of source control.
ch.kleis.lcaac:core:2.0.0=compileClasspath,implementationDependenciesMetadata,productionRuntimeClasspath,runtimeClasspath,testCompileClasspath,testImplementationDependenciesMetadata,testRuntimeClasspath
ch.kleis.lcaac:grammar:2.0.0=compileClasspath,implementationDependenciesMetadata,productionRuntimeClasspath,runtimeClasspath,testCompileClasspath,testImplementationDependenciesMetadata,testRuntimeClasspath
ch.qos.logback:logback-classic:1.5.25=compileClasspath,implementationDependenciesMetadata,productionRuntimeClasspath,runtimeClasspath,testCompileClasspath,testImplementationDependenciesMetadata,testRuntimeClasspath
ch.qos.logback:logback-core:1.5.25=compileClasspath,implementationDependenciesMetadata,productionRuntimeClasspath,runtimeClasspath,testCompileClasspath,testImplementationDependenciesMetadata,testRuntimeClasspath
com.charleskorn.kaml:kaml-jvm:0.59.0=compileClasspath,productionRuntimeClasspath,runtimeClasspath,testCompileClasspath,testRuntimeClasspath
com.charleskorn.kaml:kaml:0.59.0=compileClasspath,implementationDependenciesMetadata,productionRuntimeClasspath,runtimeClasspath,testCompileClasspath,testImplementationDependenciesMetadata,testRuntimeClasspath
com.fasterxml.jackson.core:jackson-annotations:2.19.4=compileClasspath,implementationDependenciesMetadata,productionRuntimeClasspath,runtimeClasspath,testCompileClasspath,testImplementationDependenciesMetadata,testRuntimeClasspath
com.fasterxml.jackson.core:jackson-core:2.19.4=compileClasspath,implementationDependenciesMetadata,productionRuntimeClasspath,runtimeClasspath,testCompileClasspath,testImplementationDependenciesMetadata,testRuntimeClasspath
com.fasterxml.jackson.core:jackson-databind:2.19.4=compileClasspath,implementationDependenciesMetadata,productionRuntimeClasspath,runtimeClasspath,testCompileClasspath,testImplementationDependenciesMetadata,testRuntimeClasspath
com.fasterxml.jackson.datatype:jackson-datatype-jdk8:2.19.4=compileClasspath,implementationDependenciesMetadata,productionRuntimeClasspath,runtimeClasspath,testCompileClasspath,testImplementationDependenciesMetadata,testRuntimeClasspath
com.fasterxml.jackson.datatype:jackson-datatype-jsr310:2.19.4=compileClasspath,implementationDependenciesMetadata,productionRuntimeClasspath,runtimeClasspath,testCompileClasspath,testImplementationDependenciesMetadata,testRuntimeClasspath
com.fasterxml.jackson.module:jackson-module-kotlin:2.19.4=compileClasspath,implementationDependenciesMetadata,productionRuntimeClasspath,runtimeClasspath,testCompileClasspath,testImplementationDependenciesMetadata,testRuntimeClasspath
com.fasterxml.jackson.module:jackson-module-parameter-names:2.19.4=compileClasspath,implementationDependenciesMetadata,productionRuntimeClasspath,runtimeClasspath,testCompileClasspath,testImplementationDependenciesMetadata,testRuntimeClasspath
com.fasterxml.jackson:jackson-bom:2.19.4=compileClasspath,implementationDependenciesMetadata,productionRuntimeClasspath,runtimeClasspath,testCompileClasspath,testImplementationDependenciesMetadata,testRuntimeClasspath
com.fasterxml:classmate:1.7.3=compileClasspath,implementationDependenciesMetadata,productionRuntimeClasspath,runtimeClasspath,testCompileClasspath,testImplementationDependenciesMetadata,testRuntimeClasspath
com.jayway.jsonpath:json-path:2.9.0=testCompileClasspath,testImplementationDependenciesMetadata,testRuntimeClasspath
com.mayakapps.kache:kache-jvm:2.1.0=productionRuntimeClasspath,runtimeClasspath,testRuntimeClasspath
com.mayakapps.kache:kache:2.1.0=productionRuntimeClasspath,runtimeClasspath,testRuntimeClasspath
com.squareup.okio:okio-jvm:3.9.0=productionRuntimeClasspath,runtimeClasspath,testRuntimeClasspath
com.squareup.okio:okio:3.9.0=productionRuntimeClasspath,runtimeClasspath,testRuntimeClasspath
com.vaadin.external.google:android-json:0.0.20131108.vaadin1=testCompileClasspath,testImplementationDependenciesMetadata,testRuntimeClasspath
commons-codec:commons-codec:1.18.0=compileClasspath,implementationDependenciesMetadata,productionRuntimeClasspath,runtimeClasspath,testCompileClasspath,testImplementationDependenciesMetadata,testRuntimeClasspath
commons-io:commons-io:2.20.0=compileClasspath,implementationDependenciesMetadata,productionRuntimeClasspath,runtimeClasspath,testCompileClasspath,testImplementationDependenciesMetadata,testRuntimeClasspath
io.arrow-kt:arrow-annotations-jvm:1.1.5=productionRuntimeClasspath,runtimeClasspath,testRuntimeClasspath
io.arrow-kt:arrow-annotations:1.1.5=productionRuntimeClasspath,runtimeClasspath,testRuntimeClasspath
io.arrow-kt:arrow-continuations-jvm:1.1.5=productionRuntimeClasspath,runtimeClasspath,testRuntimeClasspath
io.arrow-kt:arrow-continuations:1.1.5=productionRuntimeClasspath,runtimeClasspath,testRuntimeClasspath
io.arrow-kt:arrow-core-jvm:1.1.5=productionRuntimeClasspath,runtimeClasspath,testRuntimeClasspath
io.arrow-kt:arrow-core:1.1.5=productionRuntimeClasspath,runtimeClasspath,testRuntimeClasspath
io.arrow-kt:arrow-optics-jvm:1.1.5=productionRuntimeClasspath,runtimeClasspath,testRuntimeClasspath
io.arrow-kt:arrow-optics:1.1.5=productionRuntimeClasspath,runtimeClasspath,testRuntimeClasspath
io.arrow-kt:arrow-stack:1.1.5=productionRuntimeClasspath,runtimeClasspath,testRuntimeClasspath
io.micrometer:micrometer-commons:1.15.8=compileClasspath,implementationDependenciesMetadata,productionRuntimeClasspath,runtimeClasspath,testCompileClasspath,testImplementationDependenciesMetadata,testRuntimeClasspath
io.micrometer:micrometer-core:1.15.8=compileClasspath,implementationDependenciesMetadata,productionRuntimeClasspath,runtimeClasspath,testCompileClasspath,testImplementationDependenciesMetadata,testRuntimeClasspath
io.micrometer:micrometer-jakarta9:1.15.8=compileClasspath,implementationDependenciesMetadata,productionRuntimeClasspath,runtimeClasspath,testCompileClasspath,testImplementationDependenciesMetadata,testRuntimeClasspath
io.micrometer:micrometer-observation:1.15.8=compileClasspath,implementationDependenciesMetadata,productionRuntimeClasspath,runtimeClasspath,testCompileClasspath,testImplementationDependenciesMetadata,testRuntimeClasspath
io.mockk:mockk-agent-api-jvm:1.13.4=testCompileClasspath,testRuntimeClasspath
io.mockk:mockk-agent-api:1.13.4=testCompileClasspath,testImplementationDependenciesMetadata,testRuntimeClasspath
io.mockk:mockk-agent-jvm:1.13.4=testCompileClasspath,testRuntimeClasspath
io.mockk:mockk-agent:1.13.4=testCompileClasspath,testImplementationDependenciesMetadata,testRuntimeClasspath
io.mockk:mockk-core-jvm:1.13.4=testCompileClasspath,testRuntimeClasspath
io.mockk:mockk-core:1.13.4=testCompileClasspath,testImplementationDependenciesMetadata,testRuntimeClasspath
io.mockk:mockk-dsl-jvm:1.13.4=testCompileClasspath,testRuntimeClasspath
io.mockk:mockk-dsl:1.13.4=testCompileClasspath,testImplementationDependenciesMetadata,testRuntimeClasspath
io.mockk:mockk-jvm:1.13.4=testCompileClasspath,testRuntimeClasspath
io.mockk:mockk:1.13.4=testCompileClasspath,testImplementationDependenciesMetadata,testRuntimeClasspath
it.krzeminski:snakeyaml-engine-kmp-jvm:2.7.5=productionRuntimeClasspath,runtimeClasspath,testRuntimeClasspath
it.krzeminski:snakeyaml-engine-kmp:2.7.5=productionRuntimeClasspath,runtimeClasspath,testRuntimeClasspath
jakarta.activation:jakarta.activation-api:2.1.4=testCompileClasspath,testImplementationDependenciesMetadata,testRuntimeClasspath
jakarta.annotation:jakarta.annotation-api:2.1.1=compileClasspath,implementationDependenciesMetadata,productionRuntimeClasspath,runtimeClasspath,testCompileClasspath,testImplementationDependenciesMetadata,testRuntimeClasspath
jakarta.validation:jakarta.validation-api:3.0.2=compileClasspath,implementationDependenciesMetadata,productionRuntimeClasspath,runtimeClasspath,testCompileClasspath,testImplementationDependenciesMetadata,testRuntimeClasspath
jakarta.xml.bind:jakarta.xml.bind-api:4.0.4=testCompileClasspath,testImplementationDependenciesMetadata,testRuntimeClasspath
junit:junit:4.13.2=testRuntimeClasspath
net.bytebuddy:byte-buddy-agent:1.17.8=testCompileClasspath,testImplementationDependenciesMetadata,testRuntimeClasspath
net.bytebuddy:byte-buddy:1.17.8=testCompileClasspath,testImplementationDependenciesMetadata,testRuntimeClasspath
net.minidev:accessors-smart:2.5.2=testCompileClasspath,testImplementationDependenciesMetadata,testRuntimeClasspath
net.minidev:json-smart:2.5.2=testCompileClasspath,testImplementationDependenciesMetadata,testRuntimeClasspath
net.thauvin.erik.urlencoder:urlencoder-lib-jvm:1.5.0=productionRuntimeClasspath,runtimeClasspath,testRuntimeClasspath
net.thauvin.erik.urlencoder:urlencoder-lib:1.5.0=productionRuntimeClasspath,runtimeClasspath,testRuntimeClasspath
org.abego.treelayout:org.abego.treelayout.core:1.0.3=compileClasspath,implementationDependenciesMetadata,productionRuntimeClasspath,runtimeClasspath,testCompileClasspath,testImplementationDependenciesMetadata,testRuntimeClasspath
org.antlr:ST4:4.1=compileClasspath,implementationDependenciesMetadata,productionRuntimeClasspath,runtimeClasspath,testCompileClasspath,testImplementationDependenciesMetadata,testRuntimeClasspath
org.antlr:antlr-runtime:3.5.2=compileClasspath,implementationDependenciesMetadata,productionRuntimeClasspath,runtimeClasspath,testCompileClasspath,testImplementationDependenciesMetadata,testRuntimeClasspath
org.antlr:antlr4-runtime:4.7.2=compileClasspath,implementationDependenciesMetadata,productionRuntimeClasspath,runtimeClasspath,testCompileClasspath,testImplementationDependenciesMetadata,testRuntimeClasspath
org.antlr:antlr4:4.7.2=compileClasspath,implementationDependenciesMetadata,productionRuntimeClasspath,runtimeClasspath,testCompileClasspath,testImplementationDependenciesMetadata,testRuntimeClasspath
org.apache.commons:commons-compress:1.28.0=compileClasspath,implementationDependenciesMetadata,productionRuntimeClasspath,runtimeClasspath,testCompileClasspath,testImplementationDependenciesMetadata,testRuntimeClasspath
org.apache.commons:commons-csv:1.10.0=productionRuntimeClasspath,runtimeClasspath,testRuntimeClasspath
org.apache.commons:commons-lang3:3.17.0=compileClasspath,implementationDependenciesMetadata,productionRuntimeClasspath,runtimeClasspath,testCompileClasspath,testImplementationDependenciesMetadata,testRuntimeClasspath
org.apache.logging.log4j:log4j-api:2.24.3=compileClasspath,implementationDependenciesMetadata,productionRuntimeClasspath,runtimeClasspath,testCompileClasspath,testImplementationDependenciesMetadata,testRuntimeClasspath
org.apache.logging.log4j:log4j-core:2.24.3=productionRuntimeClasspath,runtimeClasspath,testRuntimeClasspath
org.apache.logging.log4j:log4j-slf4j-impl:2.24.3=productionRuntimeClasspath,runtimeClasspath,testRuntimeClasspath
org.apache.logging.log4j:log4j-to-slf4j:2.24.3=compileClasspath,implementationDependenciesMetadata,productionRuntimeClasspath,runtimeClasspath,testCompileClasspath,testImplementationDependenciesMetadata,testRuntimeClasspath
org.apache.tomcat.embed:tomcat-embed-core:10.1.50=compileClasspath,implementationDependenciesMetadata,productionRuntimeClasspath,runtimeClasspath,testCompileClasspath,testImplementationDependenciesMetadata,testRuntimeClasspath
org.apache.tomcat.embed:tomcat-embed-el:10.1.50=compileClasspath,implementationDependenciesMetadata,productionRuntimeClasspath,runtimeClasspath,testCompileClasspath,testImplementationDependenciesMetadata,testRuntimeClasspath
org.apache.tomcat.embed:tomcat-embed-websocket:10.1.50=compileClasspath,implementationDependenciesMetadata,productionRuntimeClasspath,runtimeClasspath,testCompileClasspath,testImplementationDependenciesMetadata,testRuntimeClasspath
org.apiguardian:apiguardian-api:1.1.2=testCompileClasspath,testImplementationDependenciesMetadata
org.assertj:assertj-core:3.27.6=testCompileClasspath,testImplementationDependenciesMetadata,testRuntimeClasspath
org.awaitility:awaitility:4.2.2=testCompileClasspath,testImplementationDependenciesMetadata,testRuntimeClasspath
org.codehaus.mojo:animal-sniffer-annotations:1.21=productionRuntimeClasspath,runtimeClasspath,testRuntimeClasspath
org.ejml:ejml-cdense:0.43=productionRuntimeClasspath,runtimeClasspath,testRuntimeClasspath
org.ejml:ejml-core:0.43=productionRuntimeClasspath,runtimeClasspath,testRuntimeClasspath
org.ejml:ejml-ddense:0.43=productionRuntimeClasspath,runtimeClasspath,testRuntimeClasspath
org.ejml:ejml-dsparse:0.43=productionRuntimeClasspath,runtimeClasspath,testRuntimeClasspath
org.ejml:ejml-fdense:0.43=productionRuntimeClasspath,runtimeClasspath,testRuntimeClasspath
org.ejml:ejml-fsparse:0.43=productionRuntimeClasspath,runtimeClasspath,testRuntimeClasspath
org.ejml:ejml-simple:0.43=productionRuntimeClasspath,runtimeClasspath,testRuntimeClasspath
org.ejml:ejml-zdense:0.43=productionRuntimeClasspath,runtimeClasspath,testRuntimeClasspath
org.glassfish:javax.json:1.0.4=compileClasspath,implementationDependenciesMetadata,productionRuntimeClasspath,runtimeClasspath,testCompileClasspath,testImplementationDependenciesMetadata,testRuntimeClasspath
org.hamcrest:hamcrest-core:3.0=testRuntimeClasspath
org.hamcrest:hamcrest:3.0=testCompileClasspath,testImplementationDependenciesMetadata,testRuntimeClasspath
org.hdrhistogram:HdrHistogram:2.2.2=productionRuntimeClasspath,runtimeClasspath,testRuntimeClasspath
org.hibernate.validator:hibernate-validator:8.0.3.Final=compileClasspath,implementationDependenciesMetadata,productionRuntimeClasspath,runtimeClasspath,testCompileClasspath,testImplementationDependenciesMetadata,testRuntimeClasspath
org.jboss.logging:jboss-logging:3.6.1.Final=compileClasspath,implementationDependenciesMetadata,productionRuntimeClasspath,runtimeClasspath,testCompileClasspath,testImplementationDependenciesMetadata,testRuntimeClasspath
org.jetbrains.bio:npy:0.3.5=productionRuntimeClasspath,runtimeClasspath,testRuntimeClasspath
org.jetbrains.intellij.deps:trove4j:1.0.20200330=kotlinCompilerClasspath,kotlinKlibCommonizerClasspath
org.jetbrains.kotlin:kotlin-allopen-compiler-plugin-embeddable:1.9.0=kotlinCompilerPluginClasspathMain,kotlinCompilerPluginClasspathTest
org.jetbrains.kotlin:kotlin-build-tools-api:1.9.0=kotlinBuildToolsApiClasspath
org.jetbrains.kotlin:kotlin-build-tools-impl:1.9.0=kotlinBuildToolsApiClasspath
org.jetbrains.kotlin:kotlin-compiler-embeddable:1.9.0=kotlinCompilerClasspath,kotlinKlibCommonizerClasspath
org.jetbrains.kotlin:kotlin-daemon-embeddable:1.9.0=kotlinCompilerClasspath,kotlinKlibCommonizerClasspath
org.jetbrains.kotlin:kotlin-klib-commonizer-embeddable:1.9.0=kotlinKlibCommonizerClasspath
org.jetbrains.kotlin:kotlin-reflect:1.9.0=compileClasspath,implementationDependenciesMetadata,kotlinCompilerClasspath,kotlinKlibCommonizerClasspath,productionRuntimeClasspath,runtimeClasspath,testCompileClasspath,testImplementationDependenciesMetadata,testRuntimeClasspath
org.jetbrains.kotlin:kotlin-script-runtime:1.9.0=kotlinCompilerClasspath,kotlinCompilerPluginClasspathMain,kotlinCompilerPluginClasspathTest,kotlinKlibCommonizerClasspath
org.jetbrains.kotlin:kotlin-scripting-common:1.9.0=kotlinCompilerPluginClasspathMain,kotlinCompilerPluginClasspathTest
org.jetbrains.kotlin:kotlin-scripting-compiler-embeddable:1.9.0=kotlinCompilerPluginClasspathMain,kotlinCompilerPluginClasspathTest
org.jetbrains.kotlin:kotlin-scripting-compiler-impl-embeddable:1.9.0=kotlinCompilerPluginClasspathMain,kotlinCompilerPluginClasspathTest
org.jetbrains.kotlin:kotlin-scripting-jvm:1.9.0=kotlinCompilerPluginClasspathMain,kotlinCompilerPluginClasspathTest
org.jetbrains.kotlin:kotlin-serialization-compiler-plugin-embeddable:1.9.0=kotlinCompilerPluginClasspathMain,kotlinCompilerPluginClasspathTest
org.jetbrains.kotlin:kotlin-stdlib-common:1.9.0=apiDependenciesMetadata,compileClasspath,implementationDependenciesMetadata,kotlinBuildToolsApiClasspath,kotlinCompilerClasspath,kotlinCompilerPluginClasspathMain,kotlinCompilerPluginClasspathTest,kotlinKlibCommonizerClasspath,productionRuntimeClasspath,runtimeClasspath,testCompileClasspath,testImplementationDependenciesMetadata,testRuntimeClasspath
org.jetbrains.kotlin:kotlin-stdlib-jdk7:1.9.0=apiDependenciesMetadata,compileClasspath,implementationDependenciesMetadata,productionRuntimeClasspath,runtimeClasspath,testCompileClasspath,testImplementationDependenciesMetadata,testRuntimeClasspath
org.jetbrains.kotlin:kotlin-stdlib-jdk8:1.9.0=apiDependenciesMetadata,compileClasspath,implementationDependenciesMetadata,productionRuntimeClasspath,runtimeClasspath,testCompileClasspath,testImplementationDependenciesMetadata,testRuntimeClasspath
org.jetbrains.kotlin:kotlin-stdlib:1.9.0=apiDependenciesMetadata,compileClasspath,implementationDependenciesMetadata,kotlinBuildToolsApiClasspath,kotlinCompilerClasspath,kotlinCompilerPluginClasspathMain,kotlinCompilerPluginClasspathTest,kotlinKlibCommonizerClasspath,productionRuntimeClasspath,runtimeClasspath,testCompileClasspath,testImplementationDependenciesMetadata,testRuntimeClasspath
org.jetbrains.kotlinx:kotlinx-coroutines-bom:1.8.1=productionRuntimeClasspath,runtimeClasspath,testRuntimeClasspath
org.jetbrains.kotlinx:kotlinx-coroutines-core-jvm:1.8.1=productionRuntimeClasspath,runtimeClasspath,testRuntimeClasspath
org.jetbrains.kotlinx:kotlinx-coroutines-core:1.8.1=productionRuntimeClasspath,runtimeClasspath,testRuntimeClasspath
org.jetbrains.kotlinx:kotlinx-serialization-bom:1.6.3=compileClasspath,productionRuntimeClasspath,runtimeClasspath,testCompileClasspath,testRuntimeClasspath
org.jetbrains.kotlinx:kotlinx-serialization-core-jvm:1.6.3=compileClasspath,productionRuntimeClasspath,runtimeClasspath,testCompileClasspath,testRuntimeClasspath
org.jetbrains.kotlinx:kotlinx-serialization-core:1.6.3=compileClasspath,implementationDependenciesMetadata,productionRuntimeClasspath,runtimeClasspath,testCompileClasspath,testImplementationDependenciesMetadata,testRuntimeClasspath
org.jetbrains.kotlinx:kotlinx-serialization-json-jvm:1.6.3=compileClasspath,productionRuntimeClasspath,runtimeClasspath,testCompileClasspath,testRuntimeClasspath
org.jetbrains.kotlinx:kotlinx-serialization-json:1.5.1=compileClasspath,implementationDependenciesMetadata,productionRuntimeClasspath,runtimeClasspath,testCompileClasspath,testImplementationDependenciesMetadata,testRuntimeClasspath
org.jetbrains.kotlinx:multik-core-jvm:0.2.2=productionRuntimeClasspath,runtimeClasspath,testRuntimeClasspath
org.jetbrains.kotlinx:multik-core:0.2.2=productionRuntimeClasspath,runtimeClasspath,testRuntimeClasspath
org.jetbrains.kotlinx:multik-default-jvm:0.2.2=productionRuntimeClasspath,runtimeClasspath,testRuntimeClasspath
org.jetbrains.kotlinx:multik-default:0.2.2=productionRuntimeClasspath,runtimeClasspath,testRuntimeClasspath
org.jetbrains.kotlinx:multik-kotlin-jvm:0.2.2=productionRuntimeClasspath,runtimeClasspath,testRuntimeClasspath
org.jetbrains.kotlinx:multik-kotlin:0.2.2=productionRuntimeClasspath,runtimeClasspath,testRuntimeClasspath
org.jetbrains.kotlinx:multik-openblas-jvm:0.2.2=productionRuntimeClasspath,runtimeClasspath,testRuntimeClasspath
org.jetbrains.kotlinx:multik-openblas:0.2.2=productionRuntimeClasspath,runtimeClasspath,testRuntimeClasspath
org.jetbrains:annotations:13.0=apiDependenciesMetadata,compileClasspath,implementationDependenciesMetadata,kotlinBuildToolsApiClasspath,kotlinCompilerClasspath,kotlinCompilerPluginClasspathMain,kotlinCompilerPluginClasspathTest,kotlinKlibCommonizerClasspath,testCompileClasspath,testImplementationDependenciesMetadata
org.jetbrains:annotations:23.0.0=productionRuntimeClasspath,runtimeClasspath,testRuntimeClasspath
org.junit.jupiter:junit-jupiter-api:5.12.2=testCompileClasspath,testImplementationDependenciesMetadata,testRuntimeClasspath
org.junit.jupiter:junit-jupiter-engine:5.12.2=testRuntimeClasspath
org.junit.jupiter:junit-jupiter-params:5.12.2=testCompileClasspath,testImplementationDependenciesMetadata,testRuntimeClasspath
org.junit.jupiter:junit-jupiter:5.12.2=testCompileClasspath,testImplementationDependenciesMetadata,testRuntimeClasspath
org.junit.platform:junit-platform-commons:1.12.2=testCompileClasspath,testImplementationDependenciesMetadata,testRuntimeClasspath
org.junit.platform:junit-platform-engine:1.12.2=testRuntimeClasspath
org.junit.platform:junit-platform-launcher:1.12.2=testRuntimeClasspath
org.junit:junit-bom:5.12.2=testCompileClasspath,testImplementationDependenciesMetadata,testRuntimeClasspath
org.latencyutils:LatencyUtils:2.0.3=productionRuntimeClasspath,runtimeClasspath,testRuntimeClasspath
org.mockito:mockito-core:5.17.0=testCompileClasspath,testImplementationDependenciesMetadata,testRuntimeClasspath
org.mockito:mockito-junit-jupiter:5.17.0=testCompileClasspath,testImplementationDependenciesMetadata,testRuntimeClasspath
org.objenesis:objenesis:3.3=testCompileClasspath,testRuntimeClasspath
org.opentest4j:opentest4j:1.3.0=testCompileClasspath,testImplementationDependenciesMetadata,testRuntimeClasspath
org.ow2.asm:asm:9.7.1=testCompileClasspath,testImplementationDependenciesMetadata,testRuntimeClasspath
org.skyscreamer:jsonassert:1.5.3=testCompileClasspath,testImplementationDependenciesMetadata,testRuntimeClasspath
org.slf4j:jul-to-slf4j:2.0.17=compileClasspath,implementationDependenciesMetadata,productionRuntimeClasspath,runtimeClasspath,testCompileClasspath,testImplementationDependenciesMetadata,testRuntimeClasspath
org.slf4j:slf4j-api:2.0.17=compileClasspath,implementationDependenciesMetadata,productionRuntimeClasspath,runtimeClasspath,testCompileClasspath,testImplementationDependenciesMetadata,testRuntimeClasspath
org.springframework.boot:spring-boot-actuator-autoconfigure:3.5.10=compileClasspath,implementationDependenciesMetadata,productionRuntimeClasspath,runtimeClasspath,testCompileClasspath,testImplementationDependenciesMetadata,testRuntimeClasspath
org.springframework.boot:spring-boot-actuator:3.5.10=compileClasspath,implementationDependenciesMetadata,productionRuntimeClasspath,runtimeClasspath,testCompileClasspath,testImplementationDependenciesMetadata,testRuntimeClasspath
org.springframework.boot:spring-boot-autoconfigure:3.5.10=compileClasspath,implementationDependenciesMetadata,productionRuntimeClasspath,runtimeClasspath,testCompileClasspath,testImplementationDependenciesMetadata,testRuntimeClasspath
org.springframework.boot:spring-boot-starter-actuator:3.5.10=compileClasspath,implementationDependenciesMetadata,productionRuntimeClasspath,runtimeClasspath,testCompileClasspath,testImplementationDependenciesMetadata,testRuntimeClasspath
org.springframework.boot:spring-boot-starter-json:3.5.10=compileClasspath,implementationDependenciesMetadata,productionRuntimeClasspath,runtimeClasspath,testCompileClasspath,testImplementationDependenciesMetadata,testRuntimeClasspath
org.springframework.boot:spring-boot-starter-logging:3.5.10=compileClasspath,implementationDependenciesMetadata,productionRuntimeClasspath,runtimeClasspath,testCompileClasspath,testImplementationDependenciesMetadata,testRuntimeClasspath
org.springframework.boot:spring-boot-starter-test:3.5.10=testCompileClasspath,testImplementationDependenciesMetadata,testRuntimeClasspath
org.springframework.boot:spring-boot-starter-tomcat:3.5.10=compileClasspath,implementationDependenciesMetadata,productionRuntimeClasspath,runtimeClasspath,testCompileClasspath,testImplementationDependenciesMetadata,testRuntimeClasspath
org.springframework.boot:spring-boot-starter-validation:3.5.10=compileClasspath,implementationDependenciesMetadata,productionRuntimeClasspath,runtimeClasspath,testCompileClasspath,testImplementationDependenciesMetadata,testRuntimeClasspath
org.springframework.boot:spring-boot-starter-web:3.5.10=compileClasspath,implementationDependenciesMetadata,productionRuntimeClasspath,runtimeClasspath,testCompileClasspath,testImplementationDependenciesMetadata,testRuntimeClasspath
org.springframework.boot:spring-boot-starter:3.5.10=compileClasspath,implementationDependenciesMetadata,productionRuntimeClasspath,runtimeClasspath,testCompileClasspath,testImplementationDependenciesMetadata,testRuntimeClasspath
org.springframework.boot:spring-boot-test-autoconfigure:3.5.10=testCompileClasspath,testImplementationDependenciesMetadata,testRuntimeClasspath
org.springframework.boot:spring-boot-test:3.5.10=testCompileClasspath,testImplementationDependenciesMetadata,testRuntimeClasspath
org.springframework.boot:spring-boot:3.5.10=compileClasspath,implementationDependenciesMetadata,productionRuntimeClasspath,runtimeClasspath,testCompileClasspath,testImplementationDependenciesMetadata,testRuntimeClasspath
org.springframework:spring-aop:6.2.15=compileClasspath,implementationDependenciesMetadata,productionRuntimeClasspath,runtimeClasspath,testCompileClasspath,testImplementationDependenciesMetadata,testRuntimeClasspath
org.springframework:spring-beans:6.2.15=compileClasspath,implementationDependenciesMetadata,productionRuntimeClasspath,runtimeClasspath,testCompileClasspath,testImplementationDependenciesMetadata,testRuntimeClasspath
org.springframework:spring-context:6.2.15=compileClasspath,implementationDependenciesMetadata,productionRuntimeClasspath,runtimeClasspath,testCompileClasspath,testImplementationDependenciesMetadata,testRuntimeClasspath
org.springframework:spring-core:6.2.15=compileClasspath,implementationDependenciesMetadata,productionRuntimeClasspath,runtimeClasspath,testCompileClasspath,testImplementationDependenciesMetadata,testRuntimeClasspath
org.springframework:spring-expression:6.2.15=compileClasspath,implementationDependenciesMetadata,productionRuntimeClasspath,runtimeClasspath,testCompileClasspath,testImplementationDependenciesMetadata,testRuntimeClasspath
org.springframework:spring-jcl:6.2.15=compileClasspath,implementationDependenciesMetadata,productionRuntimeClasspath,runtimeClasspath,testCompileClasspath,testImplementationDependenciesMetadata,testRuntimeClasspath
org.springframework:spring-test:6.2.15=testCompileClasspath,testImplementationDependenciesMetadata,testRuntimeClasspath
org.springframework:spring-web:6.2.15=compileClasspath,implementationDependenciesMetadata,productionRuntimeClasspath,runtimeClasspath,testCompileClasspath,testImplementationDependenciesMetadata,testRuntimeClasspath
org.springframework:spring-webmvc:6.2.15=compileClasspath,implementationDependenciesMetadata,productionRuntimeClasspath,runtimeClasspath,testCompileClasspath,testImplementationDependenciesMetadata,testRuntimeClasspath
org.xmlunit:xmlunit-core:2.10.4=testCompileClasspath,testImplementationDependenciesMetadata,testRuntimeClasspath
org.yaml:snakeyaml:2.4=compileClasspath,implementationDependenciesMetadata,productionRuntimeClasspath,runtimeClasspath,testCompileClasspath,testImplementationDependenciesMetadata,testRuntimeClasspath
empty=annotationProcessor,compileOnlyDependenciesMetadata,developmentOnly,intransitiveDependenciesMetadata,kotlinCompilerPluginClasspath,kotlinNativeCompilerPluginClasspath,kotlinScriptDef,kotlinScriptDefExtensions,testAndDevelopmentOnly,testAnnotationProcessor,testApiDependenciesMetadata,testCompileOnlyDependenciesMetadata,testIntransitiveDependenciesMetadata,testKotlinScriptDef,testKotlinScriptDefExtensions
